{
  "name": "react-geocoder-autocomplete-example",
  "version": "0.0.0",
  "lockfileVersion": 2,
  "requires": true,
  "packages": {
    "": {
      "name": "react-geocoder-autocomplete-example",
      "version": "0.0.0",
      "dependencies": {
        "@geoapify/geocoder-autocomplete": "^2.0.1",
        "@geoapify/react-geocoder-autocomplete": "file:..",
        "react": "file:../node_modules/react",
        "react-dom": "file:../node_modules/react-dom",
        "react-scripts": "file:../node_modules/react-scripts"
      }
    },
    "..": {
      "name": "@geoapify/react-geocoder-autocomplete",
      "version": "2.0.1",
      "license": "MIT",
      "devDependencies": {
        "@babel/eslint-parser": "^7.25.1",
        "@geoapify/geocoder-autocomplete": "^2.0.1",
        "@types/jest": "^29.5.12",
        "@types/react": "^18.3.5",
        "@typescript-eslint/eslint-plugin": "^8.4.0",
        "@typescript-eslint/parser": "^8.4.0",
        "cross-env": "^7.0.3",
        "eslint": "^9.9.1",
        "gh-pages": "^6.1.1",
        "microbundle-crl": "^0.13.11",
        "npm-run-all": "^4.1.5",
        "postcss-flexbugs-fixes": "^5.0.2",
        "postcss-normalize": "^10.0.1",
        "postcss-preset-env": "^10.0.2",
        "prettier": "^3.3.3",
        "react": "^18.3.1",
        "react-dom": "^18.3.1",
        "react-scripts": "^5.0.1",
        "typescript": "^5.5.4"
      },
      "engines": {
        "node": ">=10"
      },
      "peerDependencies": {
        "@geoapify/geocoder-autocomplete": "^2.0.1",
        "react": "^18.2.0",
        "react-dom": "^18.2.0"
      }
    },
    "../node_modules/react": {
      "version": "18.2.0",
      "license": "MIT",
      "dependencies": {
        "loose-envify": "^1.1.0"
      },
      "engines": {
        "node": ">=0.10.0"
      }
    },
    "../node_modules/react-dom": {
      "version": "18.2.0",
      "license": "MIT",
      "dependencies": {
        "loose-envify": "^1.1.0",
        "scheduler": "^0.23.0"
      },
      "peerDependencies": {
        "react": "^18.2.0"
      }
    },
    "../node_modules/react-scripts": {
      "version": "5.0.1",
      "license": "MIT",
      "dependencies": {
        "@babel/core": "^7.16.0",
        "@pmmmwh/react-refresh-webpack-plugin": "^0.5.3",
        "@svgr/webpack": "^5.5.0",
        "babel-jest": "^27.4.2",
        "babel-loader": "^8.2.3",
        "babel-plugin-named-asset-import": "^0.3.8",
        "babel-preset-react-app": "^10.0.1",
        "bfj": "^7.0.2",
        "browserslist": "^4.18.1",
        "camelcase": "^6.2.1",
        "case-sensitive-paths-webpack-plugin": "^2.4.0",
        "css-loader": "^6.5.1",
        "css-minimizer-webpack-plugin": "^3.2.0",
        "dotenv": "^10.0.0",
        "dotenv-expand": "^5.1.0",
        "eslint": "^8.3.0",
        "eslint-config-react-app": "^7.0.1",
        "eslint-webpack-plugin": "^3.1.1",
        "file-loader": "^6.2.0",
        "fs-extra": "^10.0.0",
        "html-webpack-plugin": "^5.5.0",
        "identity-obj-proxy": "^3.0.0",
        "jest": "^27.4.3",
        "jest-resolve": "^27.4.2",
        "jest-watch-typeahead": "^1.0.0",
        "mini-css-extract-plugin": "^2.4.5",
        "postcss": "^8.4.4",
        "postcss-flexbugs-fixes": "^5.0.2",
        "postcss-loader": "^6.2.1",
        "postcss-normalize": "^10.0.1",
        "postcss-preset-env": "^7.0.1",
        "prompts": "^2.4.2",
        "react-app-polyfill": "^3.0.0",
        "react-dev-utils": "^12.0.1",
        "react-refresh": "^0.11.0",
        "resolve": "^1.20.0",
        "resolve-url-loader": "^4.0.0",
        "sass-loader": "^12.3.0",
        "semver": "^7.3.5",
        "source-map-loader": "^3.0.0",
        "style-loader": "^3.3.1",
        "tailwindcss": "^3.0.2",
        "terser-webpack-plugin": "^5.2.5",
        "webpack": "^5.64.4",
        "webpack-dev-server": "^4.6.0",
        "webpack-manifest-plugin": "^4.0.2",
        "workbox-webpack-plugin": "^6.4.1"
      },
      "bin": {
        "react-scripts": "bin/react-scripts.js"
      },
      "engines": {
        "node": ">=14.0.0"
      },
      "optionalDependencies": {
        "fsevents": "^2.3.2"
      },
      "peerDependencies": {
        "react": ">= 16",
        "typescript": "^3.2.1 || ^4"
      },
      "peerDependenciesMeta": {
        "typescript": {
          "optional": true
        }
      }
    },
    "node_modules/@geoapify/geocoder-autocomplete": {
      "version": "2.0.1",
      "resolved": "https://registry.npmjs.org/@geoapify/geocoder-autocomplete/-/geocoder-autocomplete-2.0.1.tgz",
      "integrity": "sha512-uylT+V33dcYsCdTfmzx6kH6wgQLaGWeGYY4S1ko54W6wTYfua2VfMV6rOvaxqYg3J8WFCtWoUozWG8Xm3p3h+w=="
    },
    "node_modules/@geoapify/react-geocoder-autocomplete": {
      "resolved": "..",
      "link": true
    },
    "node_modules/react": {
      "resolved": "../node_modules/react",
      "link": true
    },
    "node_modules/react-dom": {
      "resolved": "../node_modules/react-dom",
      "link": true
    },
    "node_modules/react-scripts": {
      "resolved": "../node_modules/react-scripts",
      "link": true
    }
  },
  "dependencies": {
    "@geoapify/geocoder-autocomplete": {
      "version": "2.0.1",
      "resolved": "https://registry.npmjs.org/@geoapify/geocoder-autocomplete/-/geocoder-autocomplete-2.0.1.tgz",
      "integrity": "sha512-uylT+V33dcYsCdTfmzx6kH6wgQLaGWeGYY4S1ko54W6wTYfua2VfMV6rOvaxqYg3J8WFCtWoUozWG8Xm3p3h+w=="
    },
    "@geoapify/react-geocoder-autocomplete": {
      "version": "file:..",
      "requires": {
        "@babel/eslint-parser": "^7.25.1",
        "@geoapify/geocoder-autocomplete": "^2.0.1",
        "@types/jest": "^29.5.12",
        "@types/react": "^18.3.5",
        "@typescript-eslint/eslint-plugin": "^8.4.0",
        "@typescript-eslint/parser": "^8.4.0",
        "cross-env": "^7.0.3",
        "eslint": "^9.9.1",
        "gh-pages": "^6.1.1",
        "microbundle-crl": "^0.13.11",
        "npm-run-all": "^4.1.5",
        "postcss-flexbugs-fixes": "^5.0.2",
        "postcss-normalize": "^10.0.1",
        "postcss-preset-env": "^10.0.2",
        "prettier": "^3.3.3",
        "react": "^18.3.1",
        "react-dom": "^18.3.1",
        "react-scripts": "^5.0.1",
        "typescript": "^5.5.4"
      },
      "dependencies": {
        "react": {
          "version": "18.2.0",
          "requires": {
            "loose-envify": "^1.1.0"
          }
        },
        "react-dom": {
          "version": "18.2.0",
          "requires": {
            "loose-envify": "^1.1.0",
            "scheduler": "^0.23.0"
          }
        },
        "react-scripts": {
          "version": "5.0.1",
          "requires": {
            "@babel/core": "^7.16.0",
            "@pmmmwh/react-refresh-webpack-plugin": "^0.5.3",
            "@svgr/webpack": "^5.5.0",
            "babel-jest": "^27.4.2",
            "babel-loader": "^8.2.3",
            "babel-plugin-named-asset-import": "^0.3.8",
            "babel-preset-react-app": "^10.0.1",
            "bfj": "^7.0.2",
            "browserslist": "^4.18.1",
            "camelcase": "^6.2.1",
            "case-sensitive-paths-webpack-plugin": "^2.4.0",
            "css-loader": "^6.5.1",
            "css-minimizer-webpack-plugin": "^3.2.0",
            "dotenv": "^10.0.0",
            "dotenv-expand": "^5.1.0",
            "eslint": "^8.3.0",
            "eslint-config-react-app": "^7.0.1",
            "eslint-webpack-plugin": "^3.1.1",
            "file-loader": "^6.2.0",
            "fs-extra": "^10.0.0",
            "fsevents": "^2.3.2",
            "html-webpack-plugin": "^5.5.0",
            "identity-obj-proxy": "^3.0.0",
            "jest": "^27.4.3",
            "jest-resolve": "^27.4.2",
            "jest-watch-typeahead": "^1.0.0",
            "mini-css-extract-plugin": "^2.4.5",
            "postcss": "^8.4.4",
            "postcss-flexbugs-fixes": "^5.0.2",
            "postcss-loader": "^6.2.1",
            "postcss-normalize": "^10.0.1",
            "postcss-preset-env": "^7.0.1",
            "prompts": "^2.4.2",
            "react-app-polyfill": "^3.0.0",
            "react-dev-utils": "^12.0.1",
            "react-refresh": "^0.11.0",
            "resolve": "^1.20.0",
            "resolve-url-loader": "^4.0.0",
            "sass-loader": "^12.3.0",
            "semver": "^7.3.5",
            "source-map-loader": "^3.0.0",
            "style-loader": "^3.3.1",
            "tailwindcss": "^3.0.2",
            "terser-webpack-plugin": "^5.2.5",
            "webpack": "^5.64.4",
            "webpack-dev-server": "^4.6.0",
            "webpack-manifest-plugin": "^4.0.2",
            "workbox-webpack-plugin": "^6.4.1"
          }
        }
      }
    },
    "react": {
      "version": "file:../node_modules/react",
      "requires": {
        "loose-envify": "^1.1.0"
      }
    },
    "react-dom": {
      "version": "file:../node_modules/react-dom",
      "requires": {
        "loose-envify": "^1.1.0",
        "scheduler": "^0.23.0"
      }
    },
    "react-scripts": {
      "version": "file:../node_modules/react-scripts",
      "requires": {
        "@babel/core": "^7.16.0",
        "@pmmmwh/react-refresh-webpack-plugin": "^0.5.3",
        "@svgr/webpack": "^5.5.0",
        "babel-jest": "^27.4.2",
        "babel-loader": "^8.2.3",
        "babel-plugin-named-asset-import": "^0.3.8",
        "babel-preset-react-app": "^10.0.1",
        "bfj": "^7.0.2",
        "browserslist": "^4.18.1",
        "camelcase": "^6.2.1",
        "case-sensitive-paths-webpack-plugin": "^2.4.0",
        "css-loader": "^6.5.1",
        "css-minimizer-webpack-plugin": "^3.2.0",
        "dotenv": "^10.0.0",
        "dotenv-expand": "^5.1.0",
        "eslint": "^8.3.0",
        "eslint-config-react-app": "^7.0.1",
        "eslint-webpack-plugin": "^3.1.1",
        "file-loader": "^6.2.0",
        "fs-extra": "^10.0.0",
        "fsevents": "^2.3.2",
        "html-webpack-plugin": "^5.5.0",
        "identity-obj-proxy": "^3.0.0",
        "jest": "^27.4.3",
        "jest-resolve": "^27.4.2",
        "jest-watch-typeahead": "^1.0.0",
        "mini-css-extract-plugin": "^2.4.5",
        "postcss": "^8.4.4",
        "postcss-flexbugs-fixes": "^5.0.2",
        "postcss-loader": "^6.2.1",
        "postcss-normalize": "^10.0.1",
        "postcss-preset-env": "^7.0.1",
        "prompts": "^2.4.2",
        "react-app-polyfill": "^3.0.0",
        "react-dev-utils": "^12.0.1",
        "react-refresh": "^0.11.0",
        "resolve": "^1.20.0",
        "resolve-url-loader": "^4.0.0",
        "sass-loader": "^12.3.0",
        "semver": "^7.3.5",
        "source-map-loader": "^3.0.0",
        "style-loader": "^3.3.1",
        "tailwindcss": "^3.0.2",
        "terser-webpack-plugin": "^5.2.5",
        "webpack": "^5.64.4",
        "webpack-dev-server": "^4.6.0",
        "webpack-manifest-plugin": "^4.0.2",
        "workbox-webpack-plugin": "^6.4.1"
      }
    }
  }
}
